
Microsoft Visual Studio Solution File, Format Version 12.00
# Visual Studio 15
VisualStudioVersion = 15.0.27703.2035
MinimumVisualStudioVersion = 10.0.40219.1
Project("{FAE04EC0-301F-11D3-BF4B-00C04F79EFBC}") = "HiQo.StaffManagement.WEB", "HiQo.StaffManagement.WEB\HiQo.StaffManagement.WEB.csproj", "{0470ADC0-FEFC-4960-9CC4-34161033F5D5}"
EndProject
Project("{FAE04EC0-301F-11D3-BF4B-00C04F79EFBC}") = "HiQo.StaffManagement.Configuration", "HiQo.StaffManagement.Configuration\HiQo.StaffManagement.Configuration.csproj", "{67B054C3-7AC7-4578-9504-FCAD6D8D5802}"
EndProject
Project("{FAE04EC0-301F-11D3-BF4B-00C04F79EFBC}") = "HiQo.StaffManagement.DAL", "HiQo.StaffManagement.DAL\HiQo.StaffManagement.DAL.csproj", "{1CF4F463-1AB8-4E69-BB99-8833CA55FB05}"
EndProject
Project("{FAE04EC0-301F-11D3-BF4B-00C04F79EFBC}") = "HiQo.StaffManagement.Domain", "HiQo.StaffManagement.Domain\HiQo.StaffManagement.Domain.csproj", "{5C6F1BDC-8C89-412A-BA52-550FBEF21FD4}"
EndProject
Project("{FAE04EC0-301F-11D3-BF4B-00C04F79EFBC}") = "HiQo.StaffManagement.Core", "HiQo.StaffManagement.Core\HiQo.StaffManagement.Core.csproj", "{B4A16FF0-E1A7-4D52-B0B7-A776B9FCA162}"
EndProject
Project("{2150E333-8FDC-42A3-9474-1A3956D46DE8}") = "Tests", "Tests", "{3CDB3395-9D98-45EF-B21A-BB8A3B05412D}"
EndProject
Project("{FAE04EC0-301F-11D3-BF4B-00C04F79EFBC}") = "Test1", "Test1\Test1.csproj", "{D9BC9D26-F44F-43F9-9E3C-ECEF670B11FB}"
EndProject
Global
	GlobalSection(SolutionConfigurationPlatforms) = preSolution
		Debug|Any CPU = Debug|Any CPU
		Release|Any CPU = Release|Any CPU
	EndGlobalSection
	GlobalSection(ProjectConfigurationPlatforms) = postSolution
		{0470ADC0-FEFC-4960-9CC4-34161033F5D5}.Debug|Any CPU.ActiveCfg = Debug|Any CPU
		{0470ADC0-FEFC-4960-9CC4-34161033F5D5}.Debug|Any CPU.Build.0 = Debug|Any CPU
		{0470ADC0-FEFC-4960-9CC4-34161033F5D5}.Release|Any CPU.ActiveCfg = Release|Any CPU
		{0470ADC0-FEFC-4960-9CC4-34161033F5D5}.Release|Any CPU.Build.0 = Release|Any CPU
		{67B054C3-7AC7-4578-9504-FCAD6D8D5802}.Debug|Any CPU.ActiveCfg = Debug|Any CPU
		{67B054C3-7AC7-4578-9504-FCAD6D8D5802}.Debug|Any CPU.Build.0 = Debug|Any CPU
		{67B054C3-7AC7-4578-9504-FCAD6D8D5802}.Release|Any CPU.ActiveCfg = Release|Any CPU
		{67B054C3-7AC7-4578-9504-FCAD6D8D5802}.Release|Any CPU.Build.0 = Release|Any CPU
		{1CF4F463-1AB8-4E69-BB99-8833CA55FB05}.Debug|Any CPU.ActiveCfg = Debug|Any CPU
		{1CF4F463-1AB8-4E69-BB99-8833CA55FB05}.Debug|Any CPU.Build.0 = Debug|Any CPU
		{1CF4F463-1AB8-4E69-BB99-8833CA55FB05}.Release|Any CPU.ActiveCfg = Release|Any CPU
		{1CF4F463-1AB8-4E69-BB99-8833CA55FB05}.Release|Any CPU.Build.0 = Release|Any CPU
		{5C6F1BDC-8C89-412A-BA52-550FBEF21FD4}.Debug|Any CPU.ActiveCfg = Debug|Any CPU
		{5C6F1BDC-8C89-412A-BA52-550FBEF21FD4}.Debug|Any CPU.Build.0 = Debug|Any CPU
		{5C6F1BDC-8C89-412A-BA52-550FBEF21FD4}.Release|Any CPU.ActiveCfg = Release|Any CPU
		{5C6F1BDC-8C89-412A-BA52-550FBEF21FD4}.Release|Any CPU.Build.0 = Release|Any CPU
		{B4A16FF0-E1A7-4D52-B0B7-A776B9FCA162}.Debug|Any CPU.ActiveCfg = Debug|Any CPU
		{B4A16FF0-E1A7-4D52-B0B7-A776B9FCA162}.Debug|Any CPU.Build.0 = Debug|Any CPU
		{B4A16FF0-E1A7-4D52-B0B7-A776B9FCA162}.Release|Any CPU.ActiveCfg = Release|Any CPU
		{B4A16FF0-E1A7-4D52-B0B7-A776B9FCA162}.Release|Any CPU.Build.0 = Release|Any CPU
		{D9BC9D26-F44F-43F9-9E3C-ECEF670B11FB}.Debug|Any CPU.ActiveCfg = Debug|Any CPU
		{D9BC9D26-F44F-43F9-9E3C-ECEF670B11FB}.Debug|Any CPU.Build.0 = Debug|Any CPU
		{D9BC9D26-F44F-43F9-9E3C-ECEF670B11FB}.Release|Any CPU.ActiveCfg = Release|Any CPU
		{D9BC9D26-F44F-43F9-9E3C-ECEF670B11FB}.Release|Any CPU.Build.0 = Release|Any CPU
	EndGlobalSection
	GlobalSection(SolutionProperties) = preSolution
		HideSolutionNode = FALSE
	EndGlobalSection
	GlobalSection(NestedProjects) = preSolution
		{D9BC9D26-F44F-43F9-9E3C-ECEF670B11FB} = {3CDB3395-9D98-45EF-B21A-BB8A3B05412D}
	EndGlobalSection
	GlobalSection(ExtensibilityGlobals) = postSolution
		SolutionGuid = {6CCC1C17-BD87-4510-92AD-D393F62BE91B}
	EndGlobalSection
EndGlobal
